
Microsoft Visual Studio Solution File, Format Version 12.00
# Visual Studio Version 17
VisualStudioVersion = 17.14.36202.13
MinimumVisualStudioVersion = 10.0.40219.1
Project("{FAE04EC0-301F-11D3-BF4B-00C04F79EFBC}") = "Relationships", "Relationships\Relationships.csproj", "{820DB1BF-9EE8-4B40-A13B-4F0DDE9E70A8}"
EndProject
Project("{FAE04EC0-301F-11D3-BF4B-00C04F79EFBC}") = "TaskManager", "TaskManager\TaskManager.csproj", "{7897295D-42EA-41FD-AFC7-A48031AB35EE}"
EndProject
Global
	GlobalSection(SolutionConfigurationPlatforms) = preSolution
		Debug|Any CPU = Debug|Any CPU
		Release|Any CPU = Release|Any CPU
	EndGlobalSection
	GlobalSection(ProjectConfigurationPlatforms) = postSolution
		{820DB1BF-9EE8-4B40-A13B-4F0DDE9E70A8}.Debug|Any CPU.ActiveCfg = Debug|Any CPU
		{820DB1BF-9EE8-4B40-A13B-4F0DDE9E70A8}.Debug|Any CPU.Build.0 = Debug|Any CPU
		{820DB1BF-9EE8-4B40-A13B-4F0DDE9E70A8}.Release|Any CPU.ActiveCfg = Release|Any CPU
		{820DB1BF-9EE8-4B40-A13B-4F0DDE9E70A8}.Release|Any CPU.Build.0 = Release|Any CPU
		{7897295D-42EA-41FD-AFC7-A48031AB35EE}.Debug|Any CPU.ActiveCfg = Debug|Any CPU
		{7897295D-42EA-41FD-AFC7-A48031AB35EE}.Debug|Any CPU.Build.0 = Debug|Any CPU
		{7897295D-42EA-41FD-AFC7-A48031AB35EE}.Release|Any CPU.ActiveCfg = Release|Any CPU
		{7897295D-42EA-41FD-AFC7-A48031AB35EE}.Release|Any CPU.Build.0 = Release|Any CPU
	EndGlobalSection
	GlobalSection(SolutionProperties) = preSolution
		HideSolutionNode = FALSE
	EndGlobalSection
	GlobalSection(ExtensibilityGlobals) = postSolution
		SolutionGuid = {8BC2934F-1CF0-49AD-B5BA-EE7F29615FA4}
	EndGlobalSection
EndGlobal
